
Microsoft Visual Studio Solution File, Format Version 12.00
# Visual Studio 15
VisualStudioVersion = 15.0.26430.13
MinimumVisualStudioVersion = 10.0.40219.1
Project("{FAE04EC0-301F-11D3-BF4B-00C04F79EFBC}") = "Ipify.Org", "Ipify.Org\Ipify.Org.csproj", "{844C4251-84D2-4491-8BBA-E4ED9C884B72}"
EndProject
Global
	GlobalSection(SolutionConfigurationPlatforms) = preSolution
		Debug|Any CPU = Debug|Any CPU
		Release|Any CPU = Release|Any CPU
	EndGlobalSection
	GlobalSection(ProjectConfigurationPlatforms) = postSolution
		{844C4251-84D2-4491-8BBA-E4ED9C884B72}.Debug|Any CPU.ActiveCfg = Debug|Any CPU
		{844C4251-84D2-4491-8BBA-E4ED9C884B72}.Debug|Any CPU.Build.0 = Debug|Any CPU
		{844C4251-84D2-4491-8BBA-E4ED9C884B72}.Release|Any CPU.ActiveCfg = Release|Any CPU
		{844C4251-84D2-4491-8BBA-E4ED9C884B72}.Release|Any CPU.Build.0 = Release|Any CPU
	EndGlobalSection
	GlobalSection(SolutionProperties) = preSolution
		HideSolutionNode = FALSE
	EndGlobalSection
	GlobalSection(CodealikeProperties) = postSolution
		SolutionGuid = 57d829e5-e326-4b28-8800-615159030e01
	EndGlobalSection
EndGlobal
