
Microsoft Visual Studio Solution File, Format Version 12.00
# Visual Studio 15
VisualStudioVersion = 15.0.26730.3
MinimumVisualStudioVersion = 10.0.40219.1
Project("{FAE04EC0-301F-11D3-BF4B-00C04F79EFBC}") = "Nan.Extensions.Spotify", "Nan.Extensions.Spotify\Nan.Extensions.Spotify.csproj", "{DDAAA718-4A3F-4A72-8788-24599F263694}"
EndProject
Project("{FAE04EC0-301F-11D3-BF4B-00C04F79EFBC}") = "Nan.Extensions.Spotify.Debugger", "Nan.Extensions.Spotify.Debugger\Nan.Extensions.Spotify.Debugger.csproj", "{9A828F3B-D5B7-4261-A7D5-8ABA719F5436}"
EndProject
Global
	GlobalSection(SolutionConfigurationPlatforms) = preSolution
		Debug|Any CPU = Debug|Any CPU
		Release|Any CPU = Release|Any CPU
	EndGlobalSection
	GlobalSection(ProjectConfigurationPlatforms) = postSolution
		{DDAAA718-4A3F-4A72-8788-24599F263694}.Debug|Any CPU.ActiveCfg = Debug|Any CPU
		{DDAAA718-4A3F-4A72-8788-24599F263694}.Debug|Any CPU.Build.0 = Debug|Any CPU
		{DDAAA718-4A3F-4A72-8788-24599F263694}.Release|Any CPU.ActiveCfg = Release|Any CPU
		{DDAAA718-4A3F-4A72-8788-24599F263694}.Release|Any CPU.Build.0 = Release|Any CPU
		{9A828F3B-D5B7-4261-A7D5-8ABA719F5436}.Debug|Any CPU.ActiveCfg = Debug|Any CPU
		{9A828F3B-D5B7-4261-A7D5-8ABA719F5436}.Debug|Any CPU.Build.0 = Debug|Any CPU
		{9A828F3B-D5B7-4261-A7D5-8ABA719F5436}.Release|Any CPU.ActiveCfg = Release|Any CPU
		{9A828F3B-D5B7-4261-A7D5-8ABA719F5436}.Release|Any CPU.Build.0 = Release|Any CPU
	EndGlobalSection
	GlobalSection(SolutionProperties) = preSolution
		HideSolutionNode = FALSE
	EndGlobalSection
	GlobalSection(ExtensibilityGlobals) = postSolution
		SolutionGuid = {05788012-49F7-498C-BAD0-129DA6504B64}
	EndGlobalSection
	GlobalSection(CodealikeProperties) = postSolution
		SolutionGuid = 968320fa-1c9a-4b0a-9694-84a4d3733e67
	EndGlobalSection
EndGlobal
